
Microsoft Visual Studio Solution File, Format Version 12.00
# Visual Studio Version 16
VisualStudioVersion = 16.0.29503.13
MinimumVisualStudioVersion = 10.0.40219.1
Project("{FAE04EC0-301F-11D3-BF4B-00C04F79EFBC}") = "Password_Manager", "Password_Manager\Password_Manager.csproj", "{62498843-9DB1-49C4-8072-6001A14E765D}"
EndProject
Global
	GlobalSection(SolutionConfigurationPlatforms) = preSolution
		Debug|Any CPU = Debug|Any CPU
		Release|Any CPU = Release|Any CPU
	EndGlobalSection
	GlobalSection(ProjectConfigurationPlatforms) = postSolution
		{62498843-9DB1-49C4-8072-6001A14E765D}.Debug|Any CPU.ActiveCfg = Debug|Any CPU
		{62498843-9DB1-49C4-8072-6001A14E765D}.Debug|Any CPU.Build.0 = Debug|Any CPU
		{62498843-9DB1-49C4-8072-6001A14E765D}.Release|Any CPU.ActiveCfg = Release|Any CPU
		{62498843-9DB1-49C4-8072-6001A14E765D}.Release|Any CPU.Build.0 = Release|Any CPU
	EndGlobalSection
	GlobalSection(SolutionProperties) = preSolution
		HideSolutionNode = FALSE
	EndGlobalSection
	GlobalSection(ExtensibilityGlobals) = postSolution
		SolutionGuid = {91D82C60-3B3B-46F5-BEB8-76F70314DFA0}
	EndGlobalSection
EndGlobal
